PODS:
  - BottomKeyboardConstraint (1.0.0)

DEPENDENCIES:
  - BottomKeyboardConstraint (from `../`)

EXTERNAL SOURCES:
  BottomKeyboardConstraint:
    :path: "../"

SPEC CHECKSUMS:
  BottomKeyboardConstraint: bed9dfcf1a6b6c9a394f6c69a1146aa985fb4195

PODFILE CHECKSUM: 5a4c95fd28603d890e0f8231d7d6996951346373

COCOAPODS: 1.6.1
